
Microsoft Visual Studio Solution File, Format Version 12.00
# Visual Studio Version 17
VisualStudioVersion = 17.13.35931.197 d17.13
MinimumVisualStudioVersion = 10.0.40219.1
Project("{FAE04EC0-301F-11D3-BF4B-00C04F79EFBC}") = "Api5549", "Api5549.csproj", "{BBAFE2E6-D62C-41FA-AC25-DE6A0EBF7FF7}"
EndProject
Project("{FAE04EC0-301F-11D3-BF4B-00C04F79EFBC}") = "App5549", "..\App5549\App5549.csproj", "{655D0B83-4458-4B6F-B640-7721246A1BD4}"
EndProject
Project("{FAE04EC0-301F-11D3-BF4B-00C04F79EFBC}") = "Domain5549", "..\Domain5549\Domain5549.csproj", "{274AFDB2-F0ED-4119-B5BF-E70955EFAD00}"
EndProject
Project("{FAE04EC0-301F-11D3-BF4B-00C04F79EFBC}") = "Infra5549", "..\infra5549\Infra5549.csproj", "{04CD763D-A22A-476A-A454-6C9B4E26E56F}"
EndProject
Project("{FAE04EC0-301F-11D3-BF4B-00C04F79EFBC}") = "Tests5549", "..\Tests5549\Tests5549.csproj", "{D3827E33-A4CD-42EB-A471-60BC9693C5F6}"
EndProject
Global
	GlobalSection(SolutionConfigurationPlatforms) = preSolution
		Debug|Any CPU = Debug|Any CPU
		Release|Any CPU = Release|Any CPU
	EndGlobalSection
	GlobalSection(ProjectConfigurationPlatforms) = postSolution
		{BBAFE2E6-D62C-41FA-AC25-DE6A0EBF7FF7}.Debug|Any CPU.ActiveCfg = Debug|Any CPU
		{BBAFE2E6-D62C-41FA-AC25-DE6A0EBF7FF7}.Debug|Any CPU.Build.0 = Debug|Any CPU
		{BBAFE2E6-D62C-41FA-AC25-DE6A0EBF7FF7}.Release|Any CPU.ActiveCfg = Release|Any CPU
		{BBAFE2E6-D62C-41FA-AC25-DE6A0EBF7FF7}.Release|Any CPU.Build.0 = Release|Any CPU
		{655D0B83-4458-4B6F-B640-7721246A1BD4}.Debug|Any CPU.ActiveCfg = Debug|Any CPU
		{655D0B83-4458-4B6F-B640-7721246A1BD4}.Debug|Any CPU.Build.0 = Debug|Any CPU
		{655D0B83-4458-4B6F-B640-7721246A1BD4}.Release|Any CPU.ActiveCfg = Release|Any CPU
		{655D0B83-4458-4B6F-B640-7721246A1BD4}.Release|Any CPU.Build.0 = Release|Any CPU
		{274AFDB2-F0ED-4119-B5BF-E70955EFAD00}.Debug|Any CPU.ActiveCfg = Debug|Any CPU
		{274AFDB2-F0ED-4119-B5BF-E70955EFAD00}.Debug|Any CPU.Build.0 = Debug|Any CPU
		{274AFDB2-F0ED-4119-B5BF-E70955EFAD00}.Release|Any CPU.ActiveCfg = Release|Any CPU
		{274AFDB2-F0ED-4119-B5BF-E70955EFAD00}.Release|Any CPU.Build.0 = Release|Any CPU
		{04CD763D-A22A-476A-A454-6C9B4E26E56F}.Debug|Any CPU.ActiveCfg = Debug|Any CPU
		{04CD763D-A22A-476A-A454-6C9B4E26E56F}.Debug|Any CPU.Build.0 = Debug|Any CPU
		{04CD763D-A22A-476A-A454-6C9B4E26E56F}.Release|Any CPU.ActiveCfg = Release|Any CPU
		{04CD763D-A22A-476A-A454-6C9B4E26E56F}.Release|Any CPU.Build.0 = Release|Any CPU
		{D3827E33-A4CD-42EB-A471-60BC9693C5F6}.Debug|Any CPU.ActiveCfg = Debug|Any CPU
		{D3827E33-A4CD-42EB-A471-60BC9693C5F6}.Debug|Any CPU.Build.0 = Debug|Any CPU
		{D3827E33-A4CD-42EB-A471-60BC9693C5F6}.Release|Any CPU.ActiveCfg = Release|Any CPU
		{D3827E33-A4CD-42EB-A471-60BC9693C5F6}.Release|Any CPU.Build.0 = Release|Any CPU
	EndGlobalSection
	GlobalSection(SolutionProperties) = preSolution
		HideSolutionNode = FALSE
	EndGlobalSection
	GlobalSection(ExtensibilityGlobals) = postSolution
		SolutionGuid = {2B2098F9-19B0-4542-B36C-68252EEE8421}
	EndGlobalSection
EndGlobal
